
Microsoft Visual Studio Solution File, Format Version 12.00
# Visual Studio Version 16
VisualStudioVersion = 16.0.29806.167
MinimumVisualStudioVersion = 10.0.40219.1
Project("{2150E333-8FDC-42A3-9474-1A3956D46DE8}") = "src", "src", "{1B783C05-A587-407F-8DE6-336BF39ADD7F}"
EndProject
Project("{2150E333-8FDC-42A3-9474-1A3956D46DE8}") = "test", "test", "{1E31D5BF-EFD8-4648-ACA8-22458B5E452B}"
EndProject
Project("{9A19103F-16F7-4668-BE54-9A1E7A4F7556}") = "Cubes3DIntersection.Api", "src\Cubes3DIntersection.Api\Cubes3DIntersection.Api.csproj", "{17CE8D18-ACCE-4B72-8218-E081B137D693}"
EndProject
Project("{9A19103F-16F7-4668-BE54-9A1E7A4F7556}") = "Cubes3DIntersection.Application", "src\Cubes3DIntersection.Application\Cubes3DIntersection.Application.csproj", "{EA03BF80-1F70-4957-8B2D-1FAD63AA2276}"
EndProject
Project("{9A19103F-16F7-4668-BE54-9A1E7A4F7556}") = "Cubes3DIntersection.Core", "src\Cubes3DIntersection.Core\Cubes3DIntersection.Core.csproj", "{B4A3BDAD-0EC6-4BF7-9C18-EEFD84D9426F}"
EndProject
Project("{9A19103F-16F7-4668-BE54-9A1E7A4F7556}") = "Cubes3DIntersection.Infrastructure", "src\Cubes3DIntersection.Infrastructure\Cubes3DIntersection.Infrastructure.csproj", "{DC9D249A-3557-4BA6-AB35-6812578D20C8}"
EndProject
Project("{2150E333-8FDC-42A3-9474-1A3956D46DE8}") = "Solution Items", "Solution Items", "{DF535289-8F9D-4238-8587-F64F257B65F5}"
	ProjectSection(SolutionItems) = preProject
		.gitignore = .gitignore
		cubes.pdf = cubes.pdf
		LICENSE = LICENSE
		README.md = README.md
	EndProjectSection
EndProject
Project("{FAE04EC0-301F-11D3-BF4B-00C04F79EFBC}") = "Cubes3DIntersection.Api.Tests", "Cubes3DIntersection.Api.Tests\Cubes3DIntersection.Api.Tests.csproj", "{9E6FB5B7-438D-4B5F-AD8B-E7888889726A}"
EndProject
Project("{2150E333-8FDC-42A3-9474-1A3956D46DE8}") = "Unit", "Unit", "{C4B10CD8-C917-49D7-AEBC-259417086CF0}"
EndProject
Project("{2150E333-8FDC-42A3-9474-1A3956D46DE8}") = "Postman", "Postman", "{D37CC9AD-D4BB-461F-BB8A-AEC6A9A6107C}"
EndProject
Global
	GlobalSection(SolutionConfigurationPlatforms) = preSolution
		Debug|Any CPU = Debug|Any CPU
		Release|Any CPU = Release|Any CPU
	EndGlobalSection
	GlobalSection(ProjectConfigurationPlatforms) = postSolution
		{17CE8D18-ACCE-4B72-8218-E081B137D693}.Debug|Any CPU.ActiveCfg = Debug|Any CPU
		{17CE8D18-ACCE-4B72-8218-E081B137D693}.Debug|Any CPU.Build.0 = Debug|Any CPU
		{17CE8D18-ACCE-4B72-8218-E081B137D693}.Release|Any CPU.ActiveCfg = Release|Any CPU
		{17CE8D18-ACCE-4B72-8218-E081B137D693}.Release|Any CPU.Build.0 = Release|Any CPU
		{EA03BF80-1F70-4957-8B2D-1FAD63AA2276}.Debug|Any CPU.ActiveCfg = Debug|Any CPU
		{EA03BF80-1F70-4957-8B2D-1FAD63AA2276}.Debug|Any CPU.Build.0 = Debug|Any CPU
		{EA03BF80-1F70-4957-8B2D-1FAD63AA2276}.Release|Any CPU.ActiveCfg = Release|Any CPU
		{EA03BF80-1F70-4957-8B2D-1FAD63AA2276}.Release|Any CPU.Build.0 = Release|Any CPU
		{B4A3BDAD-0EC6-4BF7-9C18-EEFD84D9426F}.Debug|Any CPU.ActiveCfg = Debug|Any CPU
		{B4A3BDAD-0EC6-4BF7-9C18-EEFD84D9426F}.Debug|Any CPU.Build.0 = Debug|Any CPU
		{B4A3BDAD-0EC6-4BF7-9C18-EEFD84D9426F}.Release|Any CPU.ActiveCfg = Release|Any CPU
		{B4A3BDAD-0EC6-4BF7-9C18-EEFD84D9426F}.Release|Any CPU.Build.0 = Release|Any CPU
		{DC9D249A-3557-4BA6-AB35-6812578D20C8}.Debug|Any CPU.ActiveCfg = Debug|Any CPU
		{DC9D249A-3557-4BA6-AB35-6812578D20C8}.Debug|Any CPU.Build.0 = Debug|Any CPU
		{DC9D249A-3557-4BA6-AB35-6812578D20C8}.Release|Any CPU.ActiveCfg = Release|Any CPU
		{DC9D249A-3557-4BA6-AB35-6812578D20C8}.Release|Any CPU.Build.0 = Release|Any CPU
		{9E6FB5B7-438D-4B5F-AD8B-E7888889726A}.Debug|Any CPU.ActiveCfg = Debug|Any CPU
		{9E6FB5B7-438D-4B5F-AD8B-E7888889726A}.Debug|Any CPU.Build.0 = Debug|Any CPU
		{9E6FB5B7-438D-4B5F-AD8B-E7888889726A}.Release|Any CPU.ActiveCfg = Release|Any CPU
		{9E6FB5B7-438D-4B5F-AD8B-E7888889726A}.Release|Any CPU.Build.0 = Release|Any CPU
	EndGlobalSection
	GlobalSection(SolutionProperties) = preSolution
		HideSolutionNode = FALSE
	EndGlobalSection
	GlobalSection(NestedProjects) = preSolution
		{17CE8D18-ACCE-4B72-8218-E081B137D693} = {1B783C05-A587-407F-8DE6-336BF39ADD7F}
		{EA03BF80-1F70-4957-8B2D-1FAD63AA2276} = {1B783C05-A587-407F-8DE6-336BF39ADD7F}
		{B4A3BDAD-0EC6-4BF7-9C18-EEFD84D9426F} = {1B783C05-A587-407F-8DE6-336BF39ADD7F}
		{DC9D249A-3557-4BA6-AB35-6812578D20C8} = {1B783C05-A587-407F-8DE6-336BF39ADD7F}
		{9E6FB5B7-438D-4B5F-AD8B-E7888889726A} = {C4B10CD8-C917-49D7-AEBC-259417086CF0}
		{C4B10CD8-C917-49D7-AEBC-259417086CF0} = {1E31D5BF-EFD8-4648-ACA8-22458B5E452B}
		{D37CC9AD-D4BB-461F-BB8A-AEC6A9A6107C} = {1E31D5BF-EFD8-4648-ACA8-22458B5E452B}
	EndGlobalSection
	GlobalSection(ExtensibilityGlobals) = postSolution
		SolutionGuid = {DA487FAA-98B8-46ED-9E51-CFD22A1E1529}
	EndGlobalSection
EndGlobal
